// !$*UTF8*$!
{
	archiveVersion = 1;
	classes = {
	};
	objectVersion = 50;
	objects = {

/* Begin PBXBuildFile section */
		E469956C233D52C600093D34 /* AppDelegate.m in Sources */ = {isa = PBXBuildFile; fileRef = E469956B233D52C600093D34 /* AppDelegate.m */; };
		E469956F233D52C600093D34 /* ViewController.m in Sources */ = {isa = PBXBuildFile; fileRef = E469956E233D52C600093D34 /* ViewController.m */; };
		E4699572233D52C600093D34 /* Main.storyboard in Resources */ = {isa = PBXBuildFile; fileRef = E4699570233D52C600093D34 /* Main.storyboard */; };
		E4699574233D52C800093D34 /* Assets.xcassets in Resources */ = {isa = PBXBuildFile; fileRef = E4699573233D52C800093D34 /* Assets.xcassets */; };
		E4699577233D52C800093D34 /* LaunchScreen.storyboard in Resources */ = {isa = PBXBuildFile; fileRef = E4699575233D52C800093D34 /* LaunchScreen.storyboard */; };
		E469957A233D52C800093D34 /* main.m in Sources */ = {isa = PBXBuildFile; fileRef = E4699579233D52C800093D34 /* main.m */; };
		E4699582233D549800093D34 /* ISSQuickSort.m in Sources */ = {isa = PBXBuildFile; fileRef = E4699581233D549800093D34 /* ISSQuickSort.m */; };
/* End PBXBuildFile section */

/* Begin PBXFileReference section */
		E4699567233D52C600093D34 /* HomeWork1.app */ = {isa = PBXFileReference; explicitFileType = wrapper.application; includeInIndex = 0; path = HomeWork1.app; sourceTree = BUILT_PRODUCTS_DIR; };
		E469956A233D52C600093D34 /* AppDelegate.h */ = {isa = PBXFileReference; lastKnownFileType = sourcecode.c.h; path = AppDelegate.h; sourceTree = "<group>"; };
		E469956B233D52C600093D34 /* AppDelegate.m */ = {isa = PBXFileReference; lastKnownFileType = sourcecode.c.objc; path = AppDelegate.m; sourceTree = "<group>"; };
		E469956D233D52C600093D34 /* ViewController.h */ = {isa = PBXFileReference; lastKnownFileType = sourcecode.c.h; path = ViewController.h; sourceTree = "<group>"; };
		E469956E233D52C600093D34 /* ViewController.m */ = {isa = PBXFileReference; lastKnownFileType = sourcecode.c.objc; path = ViewController.m; sourceTree = "<group>"; };
		E4699571233D52C600093D34 /* Base */ = {isa = PBXFileReference; lastKnownFileType = file.storyboard; name = Base; path = Base.lproj/Main.storyboard; sourceTree = "<group>"; };
		E4699573233D52C800093D34 /* Assets.xcassets */ = {isa = PBXFileReference; lastKnownFileType = folder.assetcatalog; path = Assets.xcassets; sourceTree = "<group>"; };
		E4699576233D52C800093D34 /* Base */ = {isa = PBXFileReference; lastKnownFileType = file.storyboard; name = Base; path = Base.lproj/LaunchScreen.storyboard; sourceTree = "<group>"; };
		E4699578233D52C800093D34 /* Info.plist */ = {isa = PBXFileReference; lastKnownFileType = text.plist.xml; path = Info.plist; sourceTree = "<group>"; };
		E4699579233D52C800093D34 /* main.m */ = {isa = PBXFileReference; lastKnownFileType = sourcecode.c.objc; path = main.m; sourceTree = "<group>"; };
		E4699580233D549800093D34 /* ISSQuickSort.h */ = {isa = PBXFileReference; lastKnownFileType = sourcecode.c.h; path = ISSQuickSort.h; sourceTree = "<group>"; };
		E4699581233D549800093D34 /* ISSQuickSort.m */ = {isa = PBXFileReference; lastKnownFileType = sourcecode.c.objc; path = ISSQuickSort.m; sourceTree = "<group>"; };
/* End PBXFileReference section */

/* Begin PBXFrameworksBuildPhase section */
		E4699564233D52C600093D34 /* Frameworks */ = {
			isa = PBXFrameworksBuildPhase;
			buildActionMask = 2147483647;
			files = (
			);
			runOnlyForDeploymentPostprocessing = 0;
		};
/* End PBXFrameworksBuildPhase section */

/* Begin PBXGroup section */
		E469955E233D52C600093D34 = {
			isa = PBXGroup;
			children = (
				E4699569233D52C600093D34 /* HomeWork1 */,
				E4699568233D52C600093D34 /* Products */,
			);
			sourceTree = "<group>";
		};
		E4699568233D52C600093D34 /* Products */ = {
			isa = PBXGroup;
			children = (
				E4699567233D52C600093D34 /* HomeWork1.app */,
			);
			name = Products;
			sourceTree = "<group>";
		};
		E4699569233D52C600093D34 /* HomeWork1 */ = {
			isa = PBXGroup;
			children = (
				E469956A233D52C600093D34 /* AppDelegate.h */,
				E469956B233D52C600093D34 /* AppDelegate.m */,
				E469956D233D52C600093D34 /* ViewController.h */,
				E469956E233D52C600093D34 /* ViewController.m */,
				E4699570233D52C600093D34 /* Main.storyboard */,
				E4699573233D52C800093D34 /* Assets.xcassets */,
				E4699575233D52C800093D34 /* LaunchScreen.storyboard */,
				E4699578233D52C800093D34 /* Info.plist */,
				E4699579233D52C800093D34 /* main.m */,
				E4699580233D549800093D34 /* ISSQuickSort.h */,
				E4699581233D549800093D34 /* ISSQuickSort.m */,
			);
			path = HomeWork1;
			sourceTree = "<group>";
		};
/* End PBXGroup section */

/* Begin PBXNativeTarget section */
		E4699566233D52C600093D34 /* HomeWork1 */ = {
			isa = PBXNativeTarget;
			buildConfigurationList = E469957D233D52C800093D34 /* Build configuration list for PBXNativeTarget "HomeWork1" */;
			buildPhases = (
				E4699563233D52C600093D34 /* Sources */,
				E4699564233D52C600093D34 /* Frameworks */,
				E4699565233D52C600093D34 /* Resources */,
			);
			buildRules = (
			);
			dependencies = (
			);
			name = HomeWork1;
			productName = HomeWork1;
			productReference = E4699567233D52C600093D34 /* HomeWork1.app */;
			productType = "com.apple.product-type.application";
		};
/* End PBXNativeTarget section */

/* Begin PBXProject section */
		E469955F233D52C600093D34 /* Project object */ = {
			isa = PBXProject;
			attributes = {
				LastUpgradeCheck = 1030;
				ORGANIZATIONNAME = "Emil Shalaumov";
				TargetAttributes = {
					E4699566233D52C600093D34 = {
						CreatedOnToolsVersion = 10.3;
					};
				};
			};
			buildConfigurationList = E4699562233D52C600093D34 /* Build configuration list for PBXProject "HomeWork1" */;
			compatibilityVersion = "Xcode 9.3";
			developmentRegion = en;
			hasScannedForEncodings = 0;
			knownRegions = (
				en,
				Base,
			);
			mainGroup = E469955E233D52C600093D34;
			productRefGroup = E4699568233D52C600093D34 /* Products */;
			projectDirPath = "";
			projectRoot = "";
			targets = (
				E4699566233D52C600093D34 /* HomeWork1 */,
			);
		};
/* End PBXProject section */

/* Begin PBXResourcesBuildPhase section */
		E4699565233D52C600093D34 /* Resources */ = {
			isa = PBXResourcesBuildPhase;
			buildActionMask = 2147483647;
			files = (
				E4699577233D52C800093D34 /* LaunchScreen.storyboard in Resources */,
				E4699574233D52C800093D34 /* Assets.xcassets in Resources */,
				E4699572233D52C600093D34 /* Main.storyboard in Resources */,
			);
			runOnlyForDeploymentPostprocessing = 0;
		};
/* End PBXResourcesBuildPhase section */

/* Begin PBXSourcesBuildPhase section */
		E4699563233D52C600093D34 /* Sources */ = {
			isa = PBXSourcesBuildPhase;
			buildActionMask = 2147483647;
			files = (
				E469956F233D52C600093D34 /* ViewController.m in Sources */,
				E4699582233D549800093D34 /* ISSQuickSort.m in Sources */,
				E469957A233D52C800093D34 /* main.m in Sources */,
				E469956C233D52C600093D34 /* AppDelegate.m in Sources */,
			);
			runOnlyForDeploymentPostprocessing = 0;
		};
/* End PBXSourcesBuildPhase section */

/* Begin PBXVariantGroup section */
		E4699570233D52C600093D34 /* Main.storyboard */ = {
			isa = PBXVariantGroup;
			children = (
				E4699571233D52C600093D34 /* Base */,
			);
			name = Main.storyboard;
			sourceTree = "<group>";
		};
		E4699575233D52C800093D34 /* LaunchScreen.storyboard */ = {
			isa = PBXVariantGroup;
			children = (
				E4699576233D52C800093D34 /* Base */,
			);
			name = LaunchScreen.storyboard;
			sourceTree = "<group>";
		};
/* End PBXVariantGroup section */

/* Begin XCBuildConfiguration section */
		E469957B233D52C800093D34 /* Debug */ = {
			isa = XCBuildConfiguration;
			buildSettings = {
				ALWAYS_SEARCH_USER_PATHS = NO;
				CLANG_ANALYZER_NONNULL = YES;
				CLANG_ANALYZER_NUMBER_OBJECT_CONVERSION = YES_AGGRESSIVE;
				CLANG_CXX_LANGUAGE_STANDARD = "gnu++14";
				CLANG_CXX_LIBRARY = "libc++";
				CLANG_ENABLE_MODULES = YES;
				CLANG_ENABLE_OBJC_ARC = YES;
				CLANG_ENABLE_OBJC_WEAK = YES;
				CLANG_WARN_BLOCK_CAPTURE_AUTORELEASING = YES;
				CLANG_WARN_BOOL_CONVERSION = YES;
				CLANG_WARN_COMMA = YES;
				CLANG_WARN_CONSTANT_CONVERSION = YES;
				CLANG_WARN_DEPRECATED_OBJC_IMPLEMENTATIONS = YES;
				CLANG_WARN_DIRECT_OBJC_ISA_USAGE = YES_ERROR;
				CLANG_WARN_DOCUMENTATION_COMMENTS = YES;
				CLANG_WARN_EMPTY_BODY = YES;
				CLANG_WARN_ENUM_CONVERSION = YES;
				CLANG_WARN_INFINITE_RECURSION = YES;
				CLANG_WARN_INT_CONVERSION = YES;
				CLANG_WARN_NON_LITERAL_NULL_CONVERSION = YES;
				CLANG_WARN_OBJC_IMPLICIT_RETAIN_SELF = YES;
				CLANG_WARN_OBJC_LITERAL_CONVERSION = YES;
				CLANG_WARN_OBJC_ROOT_CLASS = YES_ERROR;
				CLANG_WARN_RANGE_LOOP_ANALYSIS = YES;
				CLANG_WARN_STRICT_PROTOTYPES = YES;
				CLANG_WARN_SUSPICIOUS_MOVE = YES;
				CLANG_WARN_UNGUARDED_AVAILABILITY = YES_AGGRESSIVE;
				CLANG_WARN_UNREACHABLE_CODE = YES;
				CLANG_WARN__DUPLICATE_METHOD_MATCH = YES;
				CODE_SIGN_IDENTITY = "iPhone Developer";
				COPY_PHASE_STRIP = NO;
				DEBUG_INFORMATION_FORMAT = dwarf;
				ENABLE_STRICT_OBJC_MSGSEND = YES;
				ENABLE_TESTABILITY = YES;
				GCC_C_LANGUAGE_STANDARD = gnu11;
				GCC_DYNAMIC_NO_PIC = NO;
				GCC_NO_COMMON_BLOCKS = YES;
				GCC_OPTIMIZATION_LEVEL = 0;
				GCC_PREPROCESSOR_DEFINITIONS = (
					"DEBUG=1",
					"$(inherited)",
				);
				GCC_WARN_64_TO_32_BIT_CONVERSION = YES;
				GCC_WARN_ABOUT_RETURN_TYPE = YES_ERROR;
				GCC_WARN_UNDECLARED_SELECTOR = YES;
				GCC_WARN_UNINITIALIZED_AUTOS = YES_AGGRESSIVE;
				GCC_WARN_UNUSED_FUNCTION = YES;
				GCC_WARN_UNUSED_VARIABLE = YES;
				IPHONEOS_DEPLOYMENT_TARGET = 12.4;
				MTL_ENABLE_DEBUG_INFO = INCLUDE_SOURCE;
				MTL_FAST_MATH = YES;
				ONLY_ACTIVE_ARCH = YES;
				SDKROOT = iphoneos;
			};
			name = Debug;
		};
		E469957C233D52C800093D34 /* Release */ = {
			isa = XCBuildConfiguration;
			buildSettings = {
				ALWAYS_SEARCH_USER_PATHS = NO;
				CLANG_ANALYZER_NONNULL = YES;
				CLANG_ANALYZER_NUMBER_OBJECT_CONVERSION = YES_AGGRESSIVE;
				CLANG_CXX_LANGUAGE_STANDARD = "gnu++14";
				CLANG_CXX_LIBRARY = "libc++";
				CLANG_ENABLE_MODULES = YES;
				CLANG_ENABLE_OBJC_ARC = YES;
				CLANG_ENABLE_OBJC_WEAK = YES;
				CLANG_WARN_BLOCK_CAPTURE_AUTORELEASING = YES;
				CLANG_WARN_BOOL_CONVERSION = YES;
				CLANG_WARN_COMMA = YES;
				CLANG_WARN_CONSTANT_CONVERSION = YES;
				CLANG_WARN_DEPRECATED_OBJC_IMPLEMENTATIONS = YES;
				CLANG_WARN_DIRECT_OBJC_ISA_USAGE = YES_ERROR;
				CLANG_WARN_DOCUMENTATION_COMMENTS = YES;
				CLANG_WARN_EMPTY_BODY = YES;
				CLANG_WARN_ENUM_CONVERSION = YES;
				CLANG_WARN_INFINITE_RECURSION = YES;
				CLANG_WARN_INT_CONVERSION = YES;
				CLANG_WARN_NON_LITERAL_NULL_CONVERSION = YES;
				CLANG_WARN_OBJC_IMPLICIT_RETAIN_SELF = YES;
				CLANG_WARN_OBJC_LITERAL_CONVERSION = YES;
				CLANG_WARN_OBJC_ROOT_CLASS = YES_ERROR;
				CLANG_WARN_RANGE_LOOP_ANALYSIS = YES;
				CLANG_WARN_STRICT_PROTOTYPES = YES;
				CLANG_WARN_SUSPICIOUS_MOVE = YES;
				CLANG_WARN_UNGUARDED_AVAILABILITY = YES_AGGRESSIVE;
				CLANG_WARN_UNREACHABLE_CODE = YES;
				CLANG_WARN__DUPLICATE_METHOD_MATCH = YES;
				CODE_SIGN_IDENTITY = "iPhone Developer";
				COPY_PHASE_STRIP = NO;
				DEBUG_INFORMATION_FORMAT = "dwarf-with-dsym";
				ENABLE_NS_ASSERTIONS = NO;
				ENABLE_STRICT_OBJC_MSGSEND = YES;
				GCC_C_LANGUAGE_STANDARD = gnu11;
				GCC_NO_COMMON_BLOCKS = YES;
				GCC_WARN_64_TO_32_BIT_CONVERSION = YES;
				GCC_WARN_ABOUT_RETURN_TYPE = YES_ERROR;
				GCC_WARN_UNDECLARED_SELECTOR = YES;
				GCC_WARN_UNINITIALIZED_AUTOS = YES_AGGRESSIVE;
				GCC_WARN_UNUSED_FUNCTION = YES;
				GCC_WARN_UNUSED_VARIABLE = YES;
				IPHONEOS_DEPLOYMENT_TARGET = 12.4;
				MTL_ENABLE_DEBUG_INFO = NO;
				MTL_FAST_MATH = YES;
				SDKROOT = iphoneos;
				VALIDATE_PRODUCT = YES;
			};
			name = Release;
		};
		E469957E233D52C800093D34 /* Debug */ = {
			isa = XCBuildConfiguration;
			buildSettings = {
				ASSETCATALOG_COMPILER_APPICON_NAME = AppIcon;
				CODE_SIGN_STYLE = Automatic;
				DEVELOPMENT_TEAM = LY3CG77MY2;
				INFOPLIST_FILE = HomeWork1/Info.plist;
				LD_RUNPATH_SEARCH_PATHS = (
					"$(inherited)",
					"@executable_path/Frameworks",
				);
				PRODUCT_BUNDLE_IDENTIFIER = ES.HomeWork1;
				PRODUCT_NAME = "$(TARGET_NAME)";
				TARGETED_DEVICE_FAMILY = "1,2";
			};
			name = Debug;
		};
		E469957F233D52C800093D34 /* Release */ = {
			isa = XCBuildConfiguration;
			buildSettings = {
				ASSETCATALOG_COMPILER_APPICON_NAME = AppIcon;
				CODE_SIGN_STYLE = Automatic;
				DEVELOPMENT_TEAM = LY3CG77MY2;
				INFOPLIST_FILE = HomeWork1/Info.plist;
				LD_RUNPATH_SEARCH_PATHS = (
					"$(inherited)",
					"@executable_path/Frameworks",
				);
				PRODUCT_BUNDLE_IDENTIFIER = ES.HomeWork1;
				PRODUCT_NAME = "$(TARGET_NAME)";
				TARGETED_DEVICE_FAMILY = "1,2";
			};
			name = Release;
		};
/* End XCBuildConfiguration section */

/* Begin XCConfigurationList section */
		E4699562233D52C600093D34 /* Build configuration list for PBXProject "HomeWork1" */ = {
			isa = XCConfigurationList;
			buildConfigurations = (
				E469957B233D52C800093D34 /* Debug */,
				E469957C233D52C800093D34 /* Release */,
			);
			defaultConfigurationIsVisible = 0;
			defaultConfigurationName = Release;
		};
		E469957D233D52C800093D34 /* Build configuration list for PBXNativeTarget "HomeWork1" */ = {
			isa = XCConfigurationList;
			buildConfigurations = (
				E469957E233D52C800093D34 /* Debug */,
				E469957F233D52C800093D34 /* Release */,
			);
			defaultConfigurationIsVisible = 0;
			defaultConfigurationName = Release;
		};
/* End XCConfigurationList section */
	};
	rootObject = E469955F233D52C600093D34 /* Project object */;
}
